PODS:
  - ASN1Decoder (1.9.0)
  - boost (1.76.0)
  - DoubleConversion (1.1.6)
  - EASClient (0.5.1):
    - ExpoModulesCore
  - EXApplication (5.1.1):
    - ExpoModulesCore
  - EXConstants (14.2.1):
    - ExpoModulesCore
  - EXDocumentPicker (11.2.2):
    - ExpoModulesCore
  - EXFileSystem (15.2.2):
    - ExpoModulesCore
  - EXFont (11.1.1):
    - ExpoModulesCore
  - EXImageLoader (4.1.1):
    - ExpoModulesCore
    - React-Core
  - EXJSONUtils (0.5.1)
  - EXManifests (0.5.2):
    - EXJSONUtils
  - EXMediaLibrary (15.2.3):
    - ExpoModulesCore
    - React-Core
  - EXPermissions (14.1.2):
    - ExpoModulesCore
  - Expo (48.0.21):
    - ExpoModulesCore
  - ExpoClipboard (4.1.2):
    - ExpoModulesCore
  - ExpoDevice (5.2.1):
    - ExpoModulesCore
  - ExpoImageManipulator (11.1.1):
    - EXImageLoader
    - ExpoModulesCore
  - ExpoImagePicker (14.1.1):
    - ExpoModulesCore
  - ExpoKeepAwake (12.0.1):
    - ExpoModulesCore
  - ExpoLinearGradient (12.1.2):
    - ExpoModulesCore
  - ExpoLocalAuthentication (13.3.0):
    - ExpoModulesCore
  - ExpoModulesCore (1.2.7):
    - React-Core
    - React-RCTAppDelegate
    - ReactCommon/turbomodule/core
  - ExpoSystemUI (2.2.1):
    - ExpoModulesCore
  - EXSharing (11.2.2):
    - ExpoModulesCore
  - EXSplashScreen (0.18.2):
    - ExpoModulesCore
    - React-Core
  - EXStructuredHeaders (2.2.1)
  - EXUpdates (0.16.4):
    - ASN1Decoder (~> 1.8)
    - EASClient
    - EXManifests
    - ExpoModulesCore
    - EXStructuredHeaders
    - EXUpdatesInterface
    - React-Core
  - EXUpdatesInterface (0.9.3)
  - FBLazyVector (0.71.14)
  - FBReactNativeSpec (0.71.14):
    - RCT-Folly (= 2021.07.22.00)
    - RCTRequired (= 0.71.14)
    - RCTTypeSafety (= 0.71.14)
    - React-Core (= 0.71.14)
    - React-jsi (= 0.71.14)
    - ReactCommon/turbomodule/core (= 0.71.14)
  - fmt (6.2.1)
  - glog (0.3.5)
  - IDZSwiftCommonCrypto (0.16.1)
  - internxt-mobile-sdk (0.2.36):
    - React-Core
  - libwebp (1.3.2):
    - libwebp/demux (= 1.3.2)
    - libwebp/mux (= 1.3.2)
    - libwebp/sharpyuv (= 1.3.2)
    - libwebp/webp (= 1.3.2)
  - libwebp/demux (1.3.2):
    - libwebp/webp
  - libwebp/mux (1.3.2):
    - libwebp/demux
  - libwebp/sharpyuv (1.3.2)
  - libwebp/webp (1.3.2):
    - libwebp/sharpyuv
  - Permission-AppTrackingTransparency (3.6.1):
    - RNPermissions
  - Permission-Camera (3.6.1):
    - RNPermissions
  - Permission-FaceID (3.6.1):
    - RNPermissions
  - Permission-Notifications (3.6.1):
    - RNPermissions
  - Permission-PhotoLibrary (3.6.1):
    - RNPermissions
  - Permission-PhotoLibraryAddOnly (3.6.1):
    - RNPermissions
  - RCT-Folly (2021.07.22.00):
    - boost
    - DoubleConversion
    - fmt (~> 6.2.1)
    - glog
    - RCT-Folly/Default (= 2021.07.22.00)
  - RCT-Folly/Default (2021.07.22.00):
    - boost
    - DoubleConversion
    - fmt (~> 6.2.1)
    - glog
  - RCTRequired (0.71.14)
  - RCTTypeSafety (0.71.14):
    - FBLazyVector (= 0.71.14)
    - RCTRequired (= 0.71.14)
    - React-Core (= 0.71.14)
  - React (0.71.14):
    - React-Core (= 0.71.14)
    - React-Core/DevSupport (= 0.71.14)
    - React-Core/RCTWebSocket (= 0.71.14)
    - React-RCTActionSheet (= 0.71.14)
    - React-RCTAnimation (= 0.71.14)
    - React-RCTBlob (= 0.71.14)
    - React-RCTImage (= 0.71.14)
    - React-RCTLinking (= 0.71.14)
    - React-RCTNetwork (= 0.71.14)
    - React-RCTSettings (= 0.71.14)
    - React-RCTText (= 0.71.14)
    - React-RCTVibration (= 0.71.14)
  - React-callinvoker (0.71.14)
  - React-Codegen (0.71.14):
    - FBReactNativeSpec
    - RCT-Folly
    - RCTRequired
    - RCTTypeSafety
    - React-Core
    - React-jsc
    - React-jsi
    - React-jsiexecutor
    - ReactCommon/turbomodule/bridging
    - ReactCommon/turbomodule/core
  - React-Core (0.71.14):
    - glog
    - RCT-Folly (= 2021.07.22.00)
    - React-Core/Default (= 0.71.14)
    - React-cxxreact (= 0.71.14)
    - React-jsc
    - React-jsi (= 0.71.14)
    - React-jsiexecutor (= 0.71.14)
    - React-perflogger (= 0.71.14)
    - Yoga
  - React-Core/CoreModulesHeaders (0.71.14):
    - glog
    - RCT-Folly (= 2021.07.22.00)
    - React-Core/Default
    - React-cxxreact (= 0.71.14)
    - React-jsc
    - React-jsi (= 0.71.14)
    - React-jsiexecutor (= 0.71.14)
    - React-perflogger (= 0.71.14)
    - Yoga
  - React-Core/Default (0.71.14):
    - glog
    - RCT-Folly (= 2021.07.22.00)
    - React-cxxreact (= 0.71.14)
    - React-jsc
    - React-jsi (= 0.71.14)
    - React-jsiexecutor (= 0.71.14)
    - React-perflogger (= 0.71.14)
    - Yoga
  - React-Core/DevSupport (0.71.14):
    - glog
    - RCT-Folly (= 2021.07.22.00)
    - React-Core/Default (= 0.71.14)
    - React-Core/RCTWebSocket (= 0.71.14)
    - React-cxxreact (= 0.71.14)
    - React-jsc
    - React-jsi (= 0.71.14)
    - React-jsiexecutor (= 0.71.14)
    - React-jsinspector (= 0.71.14)
    - React-perflogger (= 0.71.14)
    - Yoga
  - React-Core/RCTActionSheetHeaders (0.71.14):
    - glog
    - RCT-Folly (= 2021.07.22.00)
    - React-Core/Default
    - React-cxxreact (= 0.71.14)
    - React-jsc
    - React-jsi (= 0.71.14)
    - React-jsiexecutor (= 0.71.14)
    - React-perflogger (= 0.71.14)
    - Yoga
  - React-Core/RCTAnimationHeaders (0.71.14):
    - glog
    - RCT-Folly (= 2021.07.22.00)
    - React-Core/Default
    - React-cxxreact (= 0.71.14)
    - React-jsc
    - React-jsi (= 0.71.14)
    - React-jsiexecutor (= 0.71.14)
    - React-perflogger (= 0.71.14)
    - Yoga
  - React-Core/RCTBlobHeaders (0.71.14):
    - glog
    - RCT-Folly (= 2021.07.22.00)
    - React-Core/Default
    - React-cxxreact (= 0.71.14)
    - React-jsc
    - React-jsi (= 0.71.14)
    - React-jsiexecutor (= 0.71.14)
    - React-perflogger (= 0.71.14)
    - Yoga
  - React-Core/RCTImageHeaders (0.71.14):
    - glog
    - RCT-Folly (= 2021.07.22.00)
    - React-Core/Default
    - React-cxxreact (= 0.71.14)
    - React-jsc
    - React-jsi (= 0.71.14)
    - React-jsiexecutor (= 0.71.14)
    - React-perflogger (= 0.71.14)
    - Yoga
  - React-Core/RCTLinkingHeaders (0.71.14):
    - glog
    - RCT-Folly (= 2021.07.22.00)
    - React-Core/Default
    - React-cxxreact (= 0.71.14)
    - React-jsc
    - React-jsi (= 0.71.14)
    - React-jsiexecutor (= 0.71.14)
    - React-perflogger (= 0.71.14)
    - Yoga
  - React-Core/RCTNetworkHeaders (0.71.14):
    - glog
    - RCT-Folly (= 2021.07.22.00)
    - React-Core/Default
    - React-cxxreact (= 0.71.14)
    - React-jsc
    - React-jsi (= 0.71.14)
    - React-jsiexecutor (= 0.71.14)
    - React-perflogger (= 0.71.14)
    - Yoga
  - React-Core/RCTSettingsHeaders (0.71.14):
    - glog
    - RCT-Folly (= 2021.07.22.00)
    - React-Core/Default
    - React-cxxreact (= 0.71.14)
    - React-jsc
    - React-jsi (= 0.71.14)
    - React-jsiexecutor (= 0.71.14)
    - React-perflogger (= 0.71.14)
    - Yoga
  - React-Core/RCTTextHeaders (0.71.14):
    - glog
    - RCT-Folly (= 2021.07.22.00)
    - React-Core/Default
    - React-cxxreact (= 0.71.14)
    - React-jsc
    - React-jsi (= 0.71.14)
    - React-jsiexecutor (= 0.71.14)
    - React-perflogger (= 0.71.14)
    - Yoga
  - React-Core/RCTVibrationHeaders (0.71.14):
    - glog
    - RCT-Folly (= 2021.07.22.00)
    - React-Core/Default
    - React-cxxreact (= 0.71.14)
    - React-jsc
    - React-jsi (= 0.71.14)
    - React-jsiexecutor (= 0.71.14)
    - React-perflogger (= 0.71.14)
    - Yoga
  - React-Core/RCTWebSocket (0.71.14):
    - glog
    - RCT-Folly (= 2021.07.22.00)
    - React-Core/Default (= 0.71.14)
    - React-cxxreact (= 0.71.14)
    - React-jsc
    - React-jsi (= 0.71.14)
    - React-jsiexecutor (= 0.71.14)
    - React-perflogger (= 0.71.14)
    - Yoga
  - React-CoreModules (0.71.14):
    - RCT-Folly (= 2021.07.22.00)
    - RCTTypeSafety (= 0.71.14)
    - React-Codegen (= 0.71.14)
    - React-Core/CoreModulesHeaders (= 0.71.14)
    - React-jsi (= 0.71.14)
    - React-RCTBlob
    - React-RCTImage (= 0.71.14)
    - ReactCommon/turbomodule/core (= 0.71.14)
  - React-cxxreact (0.71.14):
    - boost (= 1.76.0)
    - DoubleConversion
    - glog
    - RCT-Folly (= 2021.07.22.00)
    - React-callinvoker (= 0.71.14)
    - React-jsi (= 0.71.14)
    - React-jsinspector (= 0.71.14)
    - React-logger (= 0.71.14)
    - React-perflogger (= 0.71.14)
    - React-runtimeexecutor (= 0.71.14)
  - React-jsc (0.71.14):
    - React-jsc/Fabric (= 0.71.14)
    - React-jsi (= 0.71.14)
  - React-jsc/Fabric (0.71.14):
    - React-jsi (= 0.71.14)
  - React-jsi (0.71.14):
    - boost (= 1.76.0)
    - DoubleConversion
    - glog
    - RCT-Folly (= 2021.07.22.00)
  - React-jsiexecutor (0.71.14):
    - DoubleConversion
    - glog
    - RCT-Folly (= 2021.07.22.00)
    - React-cxxreact (= 0.71.14)
    - React-jsi (= 0.71.14)
    - React-perflogger (= 0.71.14)
  - React-jsinspector (0.71.14)
  - React-logger (0.71.14):
    - glog
  - react-native-document-picker (4.3.0):
    - React-Core
  - react-native-image-picker (4.10.1):
    - React-Core
  - react-native-pdf (6.6.2):
    - React-Core
  - react-native-pdf-thumbnail (1.2.0):
    - React-Core
  - react-native-randombytes (3.6.1):
    - React-Core
  - react-native-safe-area-context (4.5.0):
    - RCT-Folly
    - RCTRequired
    - RCTTypeSafety
    - React-Core
    - ReactCommon/turbomodule/core
  - react-native-sqlite-storage (6.0.1):
    - React-Core
  - react-native-video (5.2.1):
    - React-Core
    - react-native-video/Video (= 5.2.1)
  - react-native-video/Video (5.2.1):
    - React-Core
  - react-native-webview (11.26.0):
    - React-Core
  - React-perflogger (0.71.14)
  - React-RCTActionSheet (0.71.14):
    - React-Core/RCTActionSheetHeaders (= 0.71.14)
  - React-RCTAnimation (0.71.14):
    - RCT-Folly (= 2021.07.22.00)
    - RCTTypeSafety (= 0.71.14)
    - React-Codegen (= 0.71.14)
    - React-Core/RCTAnimationHeaders (= 0.71.14)
    - React-jsi (= 0.71.14)
    - ReactCommon/turbomodule/core (= 0.71.14)
  - React-RCTAppDelegate (0.71.14):
    - RCT-Folly
    - RCTRequired
    - RCTTypeSafety
    - React-Core
    - ReactCommon/turbomodule/core
  - React-RCTBlob (0.71.14):
    - RCT-Folly (= 2021.07.22.00)
    - React-Codegen (= 0.71.14)
    - React-Core/RCTBlobHeaders (= 0.71.14)
    - React-Core/RCTWebSocket (= 0.71.14)
    - React-jsi (= 0.71.14)
    - React-RCTNetwork (= 0.71.14)
    - ReactCommon/turbomodule/core (= 0.71.14)
  - React-RCTImage (0.71.14):
    - RCT-Folly (= 2021.07.22.00)
    - RCTTypeSafety (= 0.71.14)
    - React-Codegen (= 0.71.14)
    - React-Core/RCTImageHeaders (= 0.71.14)
    - React-jsi (= 0.71.14)
    - React-RCTNetwork (= 0.71.14)
    - ReactCommon/turbomodule/core (= 0.71.14)
  - React-RCTLinking (0.71.14):
    - React-Codegen (= 0.71.14)
    - React-Core/RCTLinkingHeaders (= 0.71.14)
    - React-jsi (= 0.71.14)
    - ReactCommon/turbomodule/core (= 0.71.14)
  - React-RCTNetwork (0.71.14):
    - RCT-Folly (= 2021.07.22.00)
    - RCTTypeSafety (= 0.71.14)
    - React-Codegen (= 0.71.14)
    - React-Core/RCTNetworkHeaders (= 0.71.14)
    - React-jsi (= 0.71.14)
    - ReactCommon/turbomodule/core (= 0.71.14)
  - React-RCTSettings (0.71.14):
    - RCT-Folly (= 2021.07.22.00)
    - RCTTypeSafety (= 0.71.14)
    - React-Codegen (= 0.71.14)
    - React-Core/RCTSettingsHeaders (= 0.71.14)
    - React-jsi (= 0.71.14)
    - ReactCommon/turbomodule/core (= 0.71.14)
  - React-RCTText (0.71.14):
    - React-Core/RCTTextHeaders (= 0.71.14)
  - React-RCTVibration (0.71.14):
    - RCT-Folly (= 2021.07.22.00)
    - React-Codegen (= 0.71.14)
    - React-Core/RCTVibrationHeaders (= 0.71.14)
    - React-jsi (= 0.71.14)
    - ReactCommon/turbomodule/core (= 0.71.14)
  - React-runtimeexecutor (0.71.14):
    - React-jsi (= 0.71.14)
  - ReactCommon/turbomodule/bridging (0.71.14):
    - DoubleConversion
    - glog
    - RCT-Folly (= 2021.07.22.00)
    - React-callinvoker (= 0.71.14)
    - React-Core (= 0.71.14)
    - React-cxxreact (= 0.71.14)
    - React-jsi (= 0.71.14)
    - React-logger (= 0.71.14)
    - React-perflogger (= 0.71.14)
  - ReactCommon/turbomodule/core (0.71.14):
    - DoubleConversion
    - glog
    - RCT-Folly (= 2021.07.22.00)
    - React-callinvoker (= 0.71.14)
    - React-Core (= 0.71.14)
    - React-cxxreact (= 0.71.14)
    - React-jsi (= 0.71.14)
    - React-logger (= 0.71.14)
    - React-perflogger (= 0.71.14)
  - ReactNativeLocalization (2.3.1):
    - React-Core
  - RealmJS (11.3.1):
    - React
  - rn-crypto (0.1.12):
    - IDZSwiftCommonCrypto (~> 0.13)
    - React-Core
  - rn-fetch-blob (0.11.2):
    - React-Core
  - RNCAsyncStorage (1.17.11):
    - React-Core
  - RNDeviceInfo (8.7.1):
    - React-Core
  - RNFastImage (8.6.3):
    - React-Core
    - SDWebImage (~> 5.11.1)
    - SDWebImageWebPCoder (~> 0.8.4)
  - RNFileViewer (2.1.5):
    - React-Core
  - RNFlashList (1.4.0):
    - React-Core
  - RNFS (2.20.0):
    - React-Core
  - RNGestureHandler (2.9.0):
    - React-Core
  - RNPermissions (3.6.1):
    - React-Core
  - RNReanimated (2.14.4):
    - DoubleConversion
    - FBLazyVector
    - FBReactNativeSpec
    - glog
    - RCT-Folly
    - RCTRequired
    - RCTTypeSafety
    - React-callinvoker
    - React-Core
    - React-Core/DevSupport
    - React-Core/RCTWebSocket
    - React-CoreModules
    - React-cxxreact
    - React-jsi
    - React-jsiexecutor
    - React-jsinspector
    - React-RCTActionSheet
    - React-RCTAnimation
    - React-RCTBlob
    - React-RCTImage
    - React-RCTLinking
    - React-RCTNetwork
    - React-RCTSettings
    - React-RCTText
    - ReactCommon/turbomodule/core
    - Yoga
  - RNRudderSdk (1.0.0):
    - React
    - Rudder (~> 1.6.0)
  - RNScreens (3.20.0):
    - React-Core
    - React-RCTImage
  - RNShare (7.9.1):
    - React-Core
  - RNSVG (13.4.0):
    - React-Core
  - Rudder (1.6.4)
  - SDWebImage (5.11.1):
    - SDWebImage/Core (= 5.11.1)
  - SDWebImage/Core (5.11.1)
  - SDWebImageWebPCoder (0.8.5):
    - libwebp (~> 1.0)
    - SDWebImage/Core (~> 5.10)
  - Yoga (1.14.0)

DEPENDENCIES:
  - boost (from `../node_modules/react-native/third-party-podspecs/boost.podspec`)
  - DoubleConversion (from `../node_modules/react-native/third-party-podspecs/DoubleConversion.podspec`)
  - EASClient (from `../node_modules/expo-eas-client/ios`)
  - EXApplication (from `../node_modules/expo-application/ios`)
  - EXConstants (from `../node_modules/expo-constants/ios`)
  - EXDocumentPicker (from `../node_modules/expo-document-picker/ios`)
  - EXFileSystem (from `../node_modules/expo-file-system/ios`)
  - EXFont (from `../node_modules/expo-font/ios`)
  - EXImageLoader (from `../node_modules/expo-image-loader/ios`)
  - EXJSONUtils (from `../node_modules/expo-json-utils/ios`)
  - EXManifests (from `../node_modules/expo-manifests/ios`)
  - EXMediaLibrary (from `../node_modules/expo-media-library/ios`)
  - EXPermissions (from `../node_modules/expo-permissions/ios`)
  - Expo (from `../node_modules/expo`)
  - ExpoClipboard (from `../node_modules/expo-clipboard/ios`)
  - ExpoDevice (from `../node_modules/expo-device/ios`)
  - ExpoImageManipulator (from `../node_modules/expo-image-manipulator/ios`)
  - ExpoImagePicker (from `../node_modules/expo-image-picker/ios`)
  - ExpoKeepAwake (from `../node_modules/expo-keep-awake/ios`)
  - ExpoLinearGradient (from `../node_modules/expo-linear-gradient/ios`)
  - ExpoLocalAuthentication (from `../node_modules/expo-local-authentication/ios`)
  - ExpoModulesCore (from `../node_modules/expo-modules-core`)
  - ExpoSystemUI (from `../node_modules/expo-system-ui/ios`)
  - EXSharing (from `../node_modules/expo-sharing/ios`)
  - EXSplashScreen (from `../node_modules/expo-splash-screen/ios`)
  - EXStructuredHeaders (from `../node_modules/expo-structured-headers/ios`)
  - EXUpdates (from `../node_modules/expo-updates/ios`)
  - EXUpdatesInterface (from `../node_modules/expo-updates-interface/ios`)
  - FBLazyVector (from `../node_modules/react-native/Libraries/FBLazyVector`)
  - FBReactNativeSpec (from `../node_modules/react-native/React/FBReactNativeSpec`)
  - glog (from `../node_modules/react-native/third-party-podspecs/glog.podspec`)
  - "internxt-mobile-sdk (from `../node_modules/@internxt/mobile-sdk`)"
  - Permission-AppTrackingTransparency (from `../node_modules/react-native-permissions/ios/AppTrackingTransparency`)
  - Permission-Camera (from `../node_modules/react-native-permissions/ios/Camera`)
  - Permission-FaceID (from `../node_modules/react-native-permissions/ios/FaceID`)
  - Permission-Notifications (from `../node_modules/react-native-permissions/ios/Notifications`)
  - Permission-PhotoLibrary (from `../node_modules/react-native-permissions/ios/PhotoLibrary`)
  - Permission-PhotoLibraryAddOnly (from `../node_modules/react-native-permissions/ios/PhotoLibraryAddOnly`)
  - RCT-Folly (from `../node_modules/react-native/third-party-podspecs/RCT-Folly.podspec`)
  - RCTRequired (from `../node_modules/react-native/Libraries/RCTRequired`)
  - RCTTypeSafety (from `../node_modules/react-native/Libraries/TypeSafety`)
  - React (from `../node_modules/react-native/`)
  - React-callinvoker (from `../node_modules/react-native/ReactCommon/callinvoker`)
  - React-Codegen (from `build/generated/ios`)
  - React-Core (from `../node_modules/react-native/`)
  - React-Core/RCTWebSocket (from `../node_modules/react-native/`)
  - React-CoreModules (from `../node_modules/react-native/React/CoreModules`)
  - React-cxxreact (from `../node_modules/react-native/ReactCommon/cxxreact`)
  - React-jsc (from `../node_modules/react-native/ReactCommon/jsc`)
  - React-jsi (from `../node_modules/react-native/ReactCommon/jsi`)
  - React-jsiexecutor (from `../node_modules/react-native/ReactCommon/jsiexecutor`)
  - React-jsinspector (from `../node_modules/react-native/ReactCommon/jsinspector`)
  - React-logger (from `../node_modules/react-native/ReactCommon/logger`)
  - react-native-document-picker (from `../node_modules/react-native-document-picker`)
  - react-native-image-picker (from `../node_modules/react-native-image-picker`)
  - react-native-pdf (from `../node_modules/react-native-pdf`)
  - react-native-pdf-thumbnail (from `../node_modules/react-native-pdf-thumbnail`)
  - react-native-randombytes (from `../node_modules/react-native-randombytes`)
  - react-native-safe-area-context (from `../node_modules/react-native-safe-area-context`)
  - react-native-sqlite-storage (from `../node_modules/react-native-sqlite-storage`)
  - react-native-video (from `../node_modules/react-native-video`)
  - react-native-webview (from `../node_modules/react-native-webview`)
  - React-perflogger (from `../node_modules/react-native/ReactCommon/reactperflogger`)
  - React-RCTActionSheet (from `../node_modules/react-native/Libraries/ActionSheetIOS`)
  - React-RCTAnimation (from `../node_modules/react-native/Libraries/NativeAnimation`)
  - React-RCTAppDelegate (from `../node_modules/react-native/Libraries/AppDelegate`)
  - React-RCTBlob (from `../node_modules/react-native/Libraries/Blob`)
  - React-RCTImage (from `../node_modules/react-native/Libraries/Image`)
  - React-RCTLinking (from `../node_modules/react-native/Libraries/LinkingIOS`)
  - React-RCTNetwork (from `../node_modules/react-native/Libraries/Network`)
  - React-RCTSettings (from `../node_modules/react-native/Libraries/Settings`)
  - React-RCTText (from `../node_modules/react-native/Libraries/Text`)
  - React-RCTVibration (from `../node_modules/react-native/Libraries/Vibration`)
  - React-runtimeexecutor (from `../node_modules/react-native/ReactCommon/runtimeexecutor`)
  - ReactCommon/turbomodule/core (from `../node_modules/react-native/ReactCommon`)
  - ReactNativeLocalization (from `../node_modules/react-native-localization`)
  - RealmJS (from `../node_modules/realm`)
  - "rn-crypto (from `../node_modules/@internxt/rn-crypto`)"
  - rn-fetch-blob (from `../node_modules/rn-fetch-blob`)
  - "RNCAsyncStorage (from `../node_modules/@react-native-async-storage/async-storage`)"
  - RNDeviceInfo (from `../node_modules/react-native-device-info`)
  - RNFastImage (from `../node_modules/react-native-fast-image`)
  - RNFileViewer (from `../node_modules/react-native-file-viewer`)
  - "RNFlashList (from `../node_modules/@shopify/flash-list`)"
  - RNFS (from `../node_modules/react-native-fs`)
  - RNGestureHandler (from `../node_modules/react-native-gesture-handler`)
  - RNPermissions (from `../node_modules/react-native-permissions`)
  - RNReanimated (from `../node_modules/react-native-reanimated`)
  - "RNRudderSdk (from `../node_modules/@rudderstack/rudder-sdk-react-native`)"
  - RNScreens (from `../node_modules/react-native-screens`)
  - RNShare (from `../node_modules/react-native-share`)
  - RNSVG (from `../node_modules/react-native-svg`)
  - Yoga (from `../node_modules/react-native/ReactCommon/yoga`)

SPEC REPOS:
  https://github.com/CocoaPods/Specs.git:
    - ASN1Decoder
    - fmt
    - IDZSwiftCommonCrypto
    - libwebp
    - Rudder
    - SDWebImage
    - SDWebImageWebPCoder

EXTERNAL SOURCES:
  boost:
    :podspec: "../node_modules/react-native/third-party-podspecs/boost.podspec"
  DoubleConversion:
    :podspec: "../node_modules/react-native/third-party-podspecs/DoubleConversion.podspec"
  EASClient:
    :path: "../node_modules/expo-eas-client/ios"
  EXApplication:
    :path: "../node_modules/expo-application/ios"
  EXConstants:
    :path: "../node_modules/expo-constants/ios"
  EXDocumentPicker:
    :path: "../node_modules/expo-document-picker/ios"
  EXFileSystem:
    :path: "../node_modules/expo-file-system/ios"
  EXFont:
    :path: "../node_modules/expo-font/ios"
  EXImageLoader:
    :path: "../node_modules/expo-image-loader/ios"
  EXJSONUtils:
    :path: "../node_modules/expo-json-utils/ios"
  EXManifests:
    :path: "../node_modules/expo-manifests/ios"
  EXMediaLibrary:
    :path: "../node_modules/expo-media-library/ios"
  EXPermissions:
    :path: "../node_modules/expo-permissions/ios"
  Expo:
    :path: "../node_modules/expo"
  ExpoClipboard:
    :path: "../node_modules/expo-clipboard/ios"
  ExpoDevice:
    :path: "../node_modules/expo-device/ios"
  ExpoImageManipulator:
    :path: "../node_modules/expo-image-manipulator/ios"
  ExpoImagePicker:
    :path: "../node_modules/expo-image-picker/ios"
  ExpoKeepAwake:
    :path: "../node_modules/expo-keep-awake/ios"
  ExpoLinearGradient:
    :path: "../node_modules/expo-linear-gradient/ios"
  ExpoLocalAuthentication:
    :path: "../node_modules/expo-local-authentication/ios"
  ExpoModulesCore:
    :path: "../node_modules/expo-modules-core"
  ExpoSystemUI:
    :path: "../node_modules/expo-system-ui/ios"
  EXSharing:
    :path: "../node_modules/expo-sharing/ios"
  EXSplashScreen:
    :path: "../node_modules/expo-splash-screen/ios"
  EXStructuredHeaders:
    :path: "../node_modules/expo-structured-headers/ios"
  EXUpdates:
    :path: "../node_modules/expo-updates/ios"
  EXUpdatesInterface:
    :path: "../node_modules/expo-updates-interface/ios"
  FBLazyVector:
    :path: "../node_modules/react-native/Libraries/FBLazyVector"
  FBReactNativeSpec:
    :path: "../node_modules/react-native/React/FBReactNativeSpec"
  glog:
    :podspec: "../node_modules/react-native/third-party-podspecs/glog.podspec"
  internxt-mobile-sdk:
    :path: "../node_modules/@internxt/mobile-sdk"
  Permission-AppTrackingTransparency:
    :path: "../node_modules/react-native-permissions/ios/AppTrackingTransparency"
  Permission-Camera:
    :path: "../node_modules/react-native-permissions/ios/Camera"
  Permission-FaceID:
    :path: "../node_modules/react-native-permissions/ios/FaceID"
  Permission-Notifications:
    :path: "../node_modules/react-native-permissions/ios/Notifications"
  Permission-PhotoLibrary:
    :path: "../node_modules/react-native-permissions/ios/PhotoLibrary"
  Permission-PhotoLibraryAddOnly:
    :path: "../node_modules/react-native-permissions/ios/PhotoLibraryAddOnly"
  RCT-Folly:
    :podspec: "../node_modules/react-native/third-party-podspecs/RCT-Folly.podspec"
  RCTRequired:
    :path: "../node_modules/react-native/Libraries/RCTRequired"
  RCTTypeSafety:
    :path: "../node_modules/react-native/Libraries/TypeSafety"
  React:
    :path: "../node_modules/react-native/"
  React-callinvoker:
    :path: "../node_modules/react-native/ReactCommon/callinvoker"
  React-Codegen:
    :path: build/generated/ios
  React-Core:
    :path: "../node_modules/react-native/"
  React-CoreModules:
    :path: "../node_modules/react-native/React/CoreModules"
  React-cxxreact:
    :path: "../node_modules/react-native/ReactCommon/cxxreact"
  React-jsc:
    :path: "../node_modules/react-native/ReactCommon/jsc"
  React-jsi:
    :path: "../node_modules/react-native/ReactCommon/jsi"
  React-jsiexecutor:
    :path: "../node_modules/react-native/ReactCommon/jsiexecutor"
  React-jsinspector:
    :path: "../node_modules/react-native/ReactCommon/jsinspector"
  React-logger:
    :path: "../node_modules/react-native/ReactCommon/logger"
  react-native-document-picker:
    :path: "../node_modules/react-native-document-picker"
  react-native-image-picker:
    :path: "../node_modules/react-native-image-picker"
  react-native-pdf:
    :path: "../node_modules/react-native-pdf"
  react-native-pdf-thumbnail:
    :path: "../node_modules/react-native-pdf-thumbnail"
  react-native-randombytes:
    :path: "../node_modules/react-native-randombytes"
  react-native-safe-area-context:
    :path: "../node_modules/react-native-safe-area-context"
  react-native-sqlite-storage:
    :path: "../node_modules/react-native-sqlite-storage"
  react-native-video:
    :path: "../node_modules/react-native-video"
  react-native-webview:
    :path: "../node_modules/react-native-webview"
  React-perflogger:
    :path: "../node_modules/react-native/ReactCommon/reactperflogger"
  React-RCTActionSheet:
    :path: "../node_modules/react-native/Libraries/ActionSheetIOS"
  React-RCTAnimation:
    :path: "../node_modules/react-native/Libraries/NativeAnimation"
  React-RCTAppDelegate:
    :path: "../node_modules/react-native/Libraries/AppDelegate"
  React-RCTBlob:
    :path: "../node_modules/react-native/Libraries/Blob"
  React-RCTImage:
    :path: "../node_modules/react-native/Libraries/Image"
  React-RCTLinking:
    :path: "../node_modules/react-native/Libraries/LinkingIOS"
  React-RCTNetwork:
    :path: "../node_modules/react-native/Libraries/Network"
  React-RCTSettings:
    :path: "../node_modules/react-native/Libraries/Settings"
  React-RCTText:
    :path: "../node_modules/react-native/Libraries/Text"
  React-RCTVibration:
    :path: "../node_modules/react-native/Libraries/Vibration"
  React-runtimeexecutor:
    :path: "../node_modules/react-native/ReactCommon/runtimeexecutor"
  ReactCommon:
    :path: "../node_modules/react-native/ReactCommon"
  ReactNativeLocalization:
    :path: "../node_modules/react-native-localization"
  RealmJS:
    :path: "../node_modules/realm"
  rn-crypto:
    :path: "../node_modules/@internxt/rn-crypto"
  rn-fetch-blob:
    :path: "../node_modules/rn-fetch-blob"
  RNCAsyncStorage:
    :path: "../node_modules/@react-native-async-storage/async-storage"
  RNDeviceInfo:
    :path: "../node_modules/react-native-device-info"
  RNFastImage:
    :path: "../node_modules/react-native-fast-image"
  RNFileViewer:
    :path: "../node_modules/react-native-file-viewer"
  RNFlashList:
    :path: "../node_modules/@shopify/flash-list"
  RNFS:
    :path: "../node_modules/react-native-fs"
  RNGestureHandler:
    :path: "../node_modules/react-native-gesture-handler"
  RNPermissions:
    :path: "../node_modules/react-native-permissions"
  RNReanimated:
    :path: "../node_modules/react-native-reanimated"
  RNRudderSdk:
    :path: "../node_modules/@rudderstack/rudder-sdk-react-native"
  RNScreens:
    :path: "../node_modules/react-native-screens"
  RNShare:
    :path: "../node_modules/react-native-share"
  RNSVG:
    :path: "../node_modules/react-native-svg"
  Yoga:
    :path: "../node_modules/react-native/ReactCommon/yoga"

SPEC CHECKSUMS:
  ASN1Decoder: 4f4bbcaf1d1b8be56daa3280e82863a607f5bda9
  boost: a7c83b31436843459a1961bfd74b96033dc77234
  DoubleConversion: 5189b271737e1565bdce30deb4a08d647e3f5f54
  EASClient: 950674e1098ebc09c4c2cf064a61e42e84d9d4c6
  EXApplication: d8f53a7eee90a870a75656280e8d4b85726ea903
  EXConstants: f348da07e21b23d2b085e270d7b74f282df1a7d9
  EXDocumentPicker: a2e52acbb3204af80b6e3ffd3deb2cb25d052593
  EXFileSystem: 844e86ca9b5375486ecc4ef06d3838d5597d895d
  EXFont: 6ea3800df746be7233208d80fe379b8ed74f4272
  EXImageLoader: fd053169a8ee932dd83bf1fe5487a50c26d27c2b
  EXJSONUtils: 48b1e764ac35160e6f54d21ab60d7d9501f3e473
  EXManifests: 500666d48e8dd7ca5a482c9e729e4a7a6c34081b
  EXMediaLibrary: 587cd8aad27a6fc8d7c38b950bc75bc1845a7480
  EXPermissions: ee60d7978aba135b8b391185b039d78f151c376a
  Expo: 0d9f112757acc6bf32103eabccf91267780bd580
  ExpoClipboard: 9b87df0ad145e3aa841614fab6aea54b7a604850
  ExpoDevice: e0bebf68f978b3d353377ce42e73c20c0a070215
  ExpoImageManipulator: 85ab87e9641b9d83108f8d603e0418c12fc19e2d
  ExpoImagePicker: 270dea232b3a072d981dd564e2cafc63a864edb1
  ExpoKeepAwake: 69f5f627670d62318410392d03e0b5db0f85759a
  ExpoLinearGradient: 8eaab76b7f55c612ed8348c8be8c2a18a9b4529f
  ExpoLocalAuthentication: 32919307c66fb3661caefa07e7811a95a7539d7b
  ExpoModulesCore: 653958063a301098b541ae4dfed1ac0b98db607b
  ExpoSystemUI: 0be5173ee2a7c01e9abc44f56d879a1eaaa16527
  EXSharing: 09839ace249f61bfa13c50c6a28256c31d260355
  EXSplashScreen: 0e0a9ba0cf7553094e93213099bd7b42e6e237e9
  EXStructuredHeaders: 5d86829469399370a9fc7cb1e4391b09de87681d
  EXUpdates: 603c4dfec2ed9ef323dfbd9c59c946593d4d9a5c
  EXUpdatesInterface: e86394c0770f14eb96386cbb32be83fa6a97e8f9
  FBLazyVector: 12ea01e587c9594e7b144e1bfc86ac4d9ac28fde
  FBReactNativeSpec: b6ae48e67aaba46442f84d6f9ba598ccfbe2ee66
  fmt: ff9d55029c625d3757ed641535fd4a75fedc7ce9
  glog: 04b94705f318337d7ead9e6d17c019bd9b1f6b1b
  IDZSwiftCommonCrypto: aefd3487b88dc3d7a1de2553188c720ac3194940
  internxt-mobile-sdk: bd1f34486af27f3ab0c8fe2808f32724dddf1906
  libwebp: 1786c9f4ff8a279e4dac1e8f385004d5fc253009
  Permission-AppTrackingTransparency: 9eedbc3b5a2907b8cb2c971461754616eac1661d
  Permission-Camera: bf6791b17c7f614b6826019fcfdcc286d3a107f6
  Permission-FaceID: e70223280292a1a5e4b8ad943b70cd9229a7d2c3
  Permission-Notifications: 150484ae586eb9be4e32217582a78350a9bb31c3
  Permission-PhotoLibrary: 5b34ca67279f7201ae109cef36f9806a6596002d
  Permission-PhotoLibraryAddOnly: 6dba8924024e239af2e282daa8a88967679b4983
  RCT-Folly: 0080d0a6ebf2577475bda044aa59e2ca1f909cda
  RCTRequired: e9df143e880d0e879e7a498dc06923d728809c79
  RCTTypeSafety: c2d89c8308829c12c038ec1f431191eaa0d8c15c
  React: 52b89a818f4b2579c98567f3aa8bde880d9e843b
  React-callinvoker: 56e399c88c05e037fe99c31978f30e75fad5c286
  React-Codegen: 3829d8baaafb4df895b7ab4a6abcf10ffeb444fd
  React-Core: 419ce3efb3a2591de74bfc09f150f626293d40d6
  React-CoreModules: bd520e5688b5aa4666965a1b3b8e6d4a2e19df20
  React-cxxreact: f5a9baa03f1b6a660648f3b8d09bdc6d87d5ebe8
  React-jsc: 07a7e67aa41b02028fc7bf8aded401f33cf1736f
  React-jsi: fe531dec7a6efc3606a56ac85a432d04ff6ee72b
  React-jsiexecutor: 73717bd8ba46630d4eeeabd1e2c7b95691618d6f
  React-jsinspector: 7bf923954b4e035f494b01ac16633963412660d7
  React-logger: 655ff5db8bd922acfbe76a4983ffab048916343e
  react-native-document-picker: 20f652c2402d3ddc81f396d8167c3bd978add4a2
  react-native-image-picker: f2ab1215d17bcfe27b0eb6417cc236fd1f4775e7
  react-native-pdf: 33c622cbdf776a649929e8b9d1ce2d313347c4fa
  react-native-pdf-thumbnail: 047cbe5ef02eb0fef97bfc9a0e8c6b01927da0c1
  react-native-randombytes: 421f1c7d48c0af8dbcd471b0324393ebf8fe7846
  react-native-safe-area-context: 39c2d8be3328df5d437ac1700f4f3a4f75716acc
  react-native-sqlite-storage: f6d515e1c446d1e6d026aa5352908a25d4de3261
  react-native-video: c26780b224543c62d5e1b2a7244a5cd1b50e8253
  react-native-webview: 994b9f8fbb504d6314dc40d83f94f27c6831b3bf
  React-perflogger: 4987ad83731c23d11813c84263963b0d3028c966
  React-RCTActionSheet: 5ad952b2a9740d87a5bd77280c4bc23f6f89ea0c
  React-RCTAnimation: d2de22af3f536cc80bb5b3918e1a455114d1b985
  React-RCTAppDelegate: 936b5b4ba5c2edb60186efd3bd35402cc9f2a2e6
  React-RCTBlob: e7cc24020cdd4e61b198761fb86f1305f77c90ff
  React-RCTImage: a07e8c7d4768f62ebc6277e4680f6b979c619967
  React-RCTLinking: d00ae55db37b2c12ebab91135f06f75391c0708d
  React-RCTNetwork: b3a401276e5c08487d8a14fdec1720e78b5888db
  React-RCTSettings: d606cbac31403604c5d5746e6dab53bb332f9301
  React-RCTText: b3bd40bc71bca0c3e2cc5ce2c40870a438f303b1
  React-RCTVibration: 64e412b9ac684c4edc938fa1187135ada9af7faf
  React-runtimeexecutor: ffe826b7b1cfbc32a35ed5b64d5886c0ff75f501
  ReactCommon: 7cf566ddbc9344e1f02bae1ecdaf03dbedb7eb17
  ReactNativeLocalization: 076497d7ca70341c751cd3b3e7c86187332a182d
  RealmJS: 43fc7bfb83229c8a2755cb34f71f769c97b7b581
  rn-crypto: 160ce10c618571e5c051c8e12315df0b04ac7c3e
  rn-fetch-blob: f525a73a78df9ed5d35e67ea65e79d53c15255bc
  RNCAsyncStorage: 8616bd5a58af409453ea4e1b246521bb76578d60
  RNDeviceInfo: aad3c663b25752a52bf8fce93f2354001dd185aa
  RNFastImage: 5c9c9fed9c076e521b3f509fe79e790418a544e8
  RNFileViewer: ce7ca3ac370e18554d35d6355cffd7c30437c592
  RNFlashList: 399bf6a0db68f594ad2c86aaff3ea39564f39f8a
  RNFS: 4ac0f0ea233904cb798630b3c077808c06931688
  RNGestureHandler: 071d7a9ad81e8b83fe7663b303d132406a7d8f39
  RNPermissions: dcdb7b99796bbeda6975a6e79ad519c41b251b1c
  RNReanimated: cc5e3aa479cb9170bcccf8204291a6950a3be128
  RNRudderSdk: 14c176adb1557f3832cb385fcd14250f76a7e268
  RNScreens: 218801c16a2782546d30bd2026bb625c0302d70f
  RNShare: a5dc3b9c53ddc73e155b8cd9a94c70c91913c43c
  RNSVG: 07dbd870b0dcdecc99b3a202fa37c8ca163caec2
  Rudder: 7c080303528ea612f58c9f9e8fcfab92b5dbcca8
  SDWebImage: a7f831e1a65eb5e285e3fb046a23fcfbf08e696d
  SDWebImageWebPCoder: 908b83b6adda48effe7667cd2b7f78c897e5111d
  Yoga: e71803b4c1fff832ccf9b92541e00f9b873119b9

PODFILE CHECKSUM: 4aa43dd7c9734908dc45609146d50c3d56b4297b

COCOAPODS: 1.11.3
